{
  "name": "raposa-hello-arduino-uno",
  "version": "1.0.0",
  "lockfileVersion": 3,
  "requires": true,
  "packages": {
    "": {
      "name": "raposa-hello-arduino-uno",
      "version": "1.0.0",
      "devDependencies": {
        "avr8js": "^0.21.0"
      },
      "engines": {
        "node": ">=20"
      }
    },
    "node_modules/avr8js": {
      "version": "0.21.0",
      "resolved": "https://registry.npmjs.org/avr8js/-/avr8js-0.21.0.tgz",
      "integrity": "sha512-kjFzxorERow5YFFV25ElhscG57TJqpT6M0m5GDDbXiMYoBmG6K99MQcq6AU1Ly4L+uB1g1o79dMmBNb5O+toxQ==",
      "dev": true,
      "license": "MIT",
      "engines": {
        "node": ">= 20.19.0",
        "npm": ">= 10.0.0"
      }
    }
  }
}
